
Microsoft Visual Studio Solution File, Format Version 10.00
# Visual Studio 2008
Project("{FAE04EC0-301F-11D3-BF4B-00C04F79EFBC}") = "RTD", "RTD\RTD.csproj", "{DAA3656E-611A-4EA6-BF9A-C1628A60C309}"
EndProject
Global
	GlobalSection(SolutionConfigurationPlatforms) = preSolution
		Debug|Any CPU = Debug|Any CPU
		Release|Any CPU = Release|Any CPU
	EndGlobalSection
	GlobalSection(ProjectConfigurationPlatforms) = postSolution
		{DAA3656E-611A-4EA6-BF9A-C1628A60C309}.Debug|Any CPU.ActiveCfg = Debug|Any CPU
		{DAA3656E-611A-4EA6-BF9A-C1628A60C309}.Debug|Any CPU.Build.0 = Debug|Any CPU
		{DAA3656E-611A-4EA6-BF9A-C1628A60C309}.Release|Any CPU.ActiveCfg = Release|Any CPU
		{DAA3656E-611A-4EA6-BF9A-C1628A60C309}.Release|Any CPU.Build.0 = Release|Any CPU
	EndGlobalSection
	GlobalSection(SolutionProperties) = preSolution
		HideSolutionNode = FALSE
	EndGlobalSection
EndGlobal
